
Microsoft Visual Studio Solution File, Format Version 9.00
# Visual Studio 2005
Project("{FAE04EC0-301F-11D3-BF4B-00C04F79EFBC}") = "DirectLoginWebServiceTestHarness", "DirectLoginWebServiceTestHarness.csproj", "{DDDD4A4F-129D-4E02-8DE9-2C7FE0B975B4}"
EndProject
Global
	GlobalSection(SolutionConfigurationPlatforms) = preSolution
		Debug|Any CPU = Debug|Any CPU
		Release|Any CPU = Release|Any CPU
	EndGlobalSection
	GlobalSection(ProjectConfigurationPlatforms) = postSolution
		{DDDD4A4F-129D-4E02-8DE9-2C7FE0B975B4}.Debug|Any CPU.ActiveCfg = Debug|Any CPU
		{DDDD4A4F-129D-4E02-8DE9-2C7FE0B975B4}.Debug|Any CPU.Build.0 = Debug|Any CPU
		{DDDD4A4F-129D-4E02-8DE9-2C7FE0B975B4}.Release|Any CPU.ActiveCfg = Release|Any CPU
		{DDDD4A4F-129D-4E02-8DE9-2C7FE0B975B4}.Release|Any CPU.Build.0 = Release|Any CPU
	EndGlobalSection
	GlobalSection(SolutionProperties) = preSolution
		HideSolutionNode = FALSE
	EndGlobalSection
EndGlobal
