Microsoft Visual Studio Solution File, Format Version 8.00
Project("{FAE04EC0-301F-11D3-BF4B-00C04F79EFBC}") = "MACROAPI", "MACROAPI.csproj", "{ED0F28A2-29BF-4CAE-84AA-56793A5F6330}"
	ProjectSection(ProjectDependencies) = postProject
	EndProjectSection
EndProject
Global
	GlobalSection(SolutionConfiguration) = preSolution
		Debug = Debug
		Release = Release
	EndGlobalSection
	GlobalSection(ProjectConfiguration) = postSolution
		{ED0F28A2-29BF-4CAE-84AA-56793A5F6330}.Debug.ActiveCfg = Debug|.NET
		{ED0F28A2-29BF-4CAE-84AA-56793A5F6330}.Debug.Build.0 = Debug|.NET
		{ED0F28A2-29BF-4CAE-84AA-56793A5F6330}.Release.ActiveCfg = Release|.NET
		{ED0F28A2-29BF-4CAE-84AA-56793A5F6330}.Release.Build.0 = Release|.NET
	EndGlobalSection
	GlobalSection(ExtensibilityGlobals) = postSolution
	EndGlobalSection
	GlobalSection(ExtensibilityAddIns) = postSolution
	EndGlobalSection
EndGlobal
