
Microsoft Visual Studio Solution File, Format Version 9.00
# Visual Studio 2005
Project("{E24C65DC-7377-472B-9ABA-BC803B73C61A}") = "http://localhost/LoginWebService/", "http://localhost/LoginWebService", "{D4C35C5B-365B-4790-87E3-34B6F59E29C7}"
	ProjectSection(WebsiteProperties) = preProject
		Debug.AspNetCompiler.VirtualPath = "/LoginWebService"
		Debug.AspNetCompiler.PhysicalPath = "\"
		Debug.AspNetCompiler.TargetPath = "PrecompiledWeb\LoginWebService\"
		Debug.AspNetCompiler.Updateable = "true"
		Debug.AspNetCompiler.ForceOverwrite = "true"
		Debug.AspNetCompiler.FixedNames = "false"
		Debug.AspNetCompiler.Debug = "True"
		Release.AspNetCompiler.VirtualPath = "/LoginWebService"
		Release.AspNetCompiler.PhysicalPath = "\"
		Release.AspNetCompiler.TargetPath = "PrecompiledWeb\LoginWebService\"
		Release.AspNetCompiler.Updateable = "true"
		Release.AspNetCompiler.ForceOverwrite = "true"
		Release.AspNetCompiler.FixedNames = "false"
		Release.AspNetCompiler.Debug = "False"
		SlnRelativePath = "\"
		DefaultWebSiteLanguage = "Visual C#"
	EndProjectSection
EndProject
Global
	GlobalSection(SolutionConfigurationPlatforms) = preSolution
		Debug|.NET = Debug|.NET
	EndGlobalSection
	GlobalSection(ProjectConfigurationPlatforms) = postSolution
		{D4C35C5B-365B-4790-87E3-34B6F59E29C7}.Debug|.NET.ActiveCfg = Debug|.NET
		{D4C35C5B-365B-4790-87E3-34B6F59E29C7}.Debug|.NET.Build.0 = Debug|.NET
	EndGlobalSection
	GlobalSection(SolutionProperties) = preSolution
		HideSolutionNode = FALSE
	EndGlobalSection
EndGlobal
